
Microsoft Visual Studio Solution File, Format Version 12.00
# Visual Studio Version 17
VisualStudioVersion = 17.11.35222.181
MinimumVisualStudioVersion = 10.0.40219.1
Project("{8BC9CEB8-8B4A-11D0-8D11-00A0C91BC942}") = "7.2_rec", "7.2_rec.vcxproj", "{C8698EFC-EEE4-4077-AEFB-7D23A82043B3}"
EndProject
Project("{8BC9CEB8-8B4A-11D0-8D11-00A0C91BC942}") = "UnitTest7.2_rec", "..\UnitTest7.2_rec\UnitTest7.2_rec.vcxproj", "{73C308FA-DD90-4DB4-8E2A-58118276AE56}"
EndProject
Global
	GlobalSection(SolutionConfigurationPlatforms) = preSolution
		Debug|x64 = Debug|x64
		Debug|x86 = Debug|x86
		Release|x64 = Release|x64
		Release|x86 = Release|x86
	EndGlobalSection
	GlobalSection(ProjectConfigurationPlatforms) = postSolution
		{C8698EFC-EEE4-4077-AEFB-7D23A82043B3}.Debug|x64.ActiveCfg = Debug|x64
		{C8698EFC-EEE4-4077-AEFB-7D23A82043B3}.Debug|x64.Build.0 = Debug|x64
		{C8698EFC-EEE4-4077-AEFB-7D23A82043B3}.Debug|x86.ActiveCfg = Debug|Win32
		{C8698EFC-EEE4-4077-AEFB-7D23A82043B3}.Debug|x86.Build.0 = Debug|Win32
		{C8698EFC-EEE4-4077-AEFB-7D23A82043B3}.Release|x64.ActiveCfg = Release|x64
		{C8698EFC-EEE4-4077-AEFB-7D23A82043B3}.Release|x64.Build.0 = Release|x64
		{C8698EFC-EEE4-4077-AEFB-7D23A82043B3}.Release|x86.ActiveCfg = Release|Win32
		{C8698EFC-EEE4-4077-AEFB-7D23A82043B3}.Release|x86.Build.0 = Release|Win32
		{73C308FA-DD90-4DB4-8E2A-58118276AE56}.Debug|x64.ActiveCfg = Debug|x64
		{73C308FA-DD90-4DB4-8E2A-58118276AE56}.Debug|x64.Build.0 = Debug|x64
		{73C308FA-DD90-4DB4-8E2A-58118276AE56}.Debug|x86.ActiveCfg = Debug|Win32
		{73C308FA-DD90-4DB4-8E2A-58118276AE56}.Debug|x86.Build.0 = Debug|Win32
		{73C308FA-DD90-4DB4-8E2A-58118276AE56}.Release|x64.ActiveCfg = Release|x64
		{73C308FA-DD90-4DB4-8E2A-58118276AE56}.Release|x64.Build.0 = Release|x64
		{73C308FA-DD90-4DB4-8E2A-58118276AE56}.Release|x86.ActiveCfg = Release|Win32
		{73C308FA-DD90-4DB4-8E2A-58118276AE56}.Release|x86.Build.0 = Release|Win32
	EndGlobalSection
	GlobalSection(SolutionProperties) = preSolution
		HideSolutionNode = FALSE
	EndGlobalSection
	GlobalSection(ExtensibilityGlobals) = postSolution
		SolutionGuid = {43B4D1A5-DC67-439B-BC59-547FEE191C64}
	EndGlobalSection
EndGlobal
